
Microsoft Visual Studio Solution File, Format Version 12.00
# Visual Studio 2012
Project("{FAE04EC0-301F-11D3-BF4B-00C04F79EFBC}") = "WindowsFormsApplication1", "WindowsFormsApplication1\WindowsFormsApplication1.csproj", "{1730E7DF-2314-45AC-ABF5-CE1BB5F4E5DC}"
EndProject
Global
	GlobalSection(SolutionConfigurationPlatforms) = preSolution
		Debug|Any CPU = Debug|Any CPU
		Release|Any CPU = Release|Any CPU
	EndGlobalSection
	GlobalSection(ProjectConfigurationPlatforms) = postSolution
		{1730E7DF-2314-45AC-ABF5-CE1BB5F4E5DC}.Debug|Any CPU.ActiveCfg = Debug|Any CPU
		{1730E7DF-2314-45AC-ABF5-CE1BB5F4E5DC}.Debug|Any CPU.Build.0 = Debug|Any CPU
		{1730E7DF-2314-45AC-ABF5-CE1BB5F4E5DC}.Release|Any CPU.ActiveCfg = Release|Any CPU
		{1730E7DF-2314-45AC-ABF5-CE1BB5F4E5DC}.Release|Any CPU.Build.0 = Release|Any CPU
	EndGlobalSection
	GlobalSection(SolutionProperties) = preSolution
		HideSolutionNode = FALSE
	EndGlobalSection
EndGlobal
