
Microsoft Visual Studio Solution File, Format Version 12.00
# Visual Studio 2012
Project("{FAE04EC0-301F-11D3-BF4B-00C04F79EFBC}") = "App Bunifu UI", "App Bunifu UI\App Bunifu UI.csproj", "{22668D92-4048-44F7-8582-A49544F3CE97}"
EndProject
Global
	GlobalSection(SolutionConfigurationPlatforms) = preSolution
		Debug|Any CPU = Debug|Any CPU
		Release|Any CPU = Release|Any CPU
	EndGlobalSection
	GlobalSection(ProjectConfigurationPlatforms) = postSolution
		{22668D92-4048-44F7-8582-A49544F3CE97}.Debug|Any CPU.ActiveCfg = Debug|Any CPU
		{22668D92-4048-44F7-8582-A49544F3CE97}.Debug|Any CPU.Build.0 = Debug|Any CPU
		{22668D92-4048-44F7-8582-A49544F3CE97}.Release|Any CPU.ActiveCfg = Release|Any CPU
		{22668D92-4048-44F7-8582-A49544F3CE97}.Release|Any CPU.Build.0 = Release|Any CPU
	EndGlobalSection
	GlobalSection(SolutionProperties) = preSolution
		HideSolutionNode = FALSE
	EndGlobalSection
EndGlobal
